{
  "originHash" : "e65445ec29118b4a8f3ef8d681eefecb02b09b433f95228b1efe410f6580886d",
  "pins" : [
    {
      "identity" : "swift-argument-parser",
      "kind" : "remoteSourceControl",
      "location" : "https://github.com/apple/swift-argument-parser",
      "state" : {
        "revision" : "6a52f3251125d74daf04fcbd5e6f08a75d074382",
        "version" : "1.8.2"
      }
    },
    {
      "identity" : "swiftterm",
      "kind" : "remoteSourceControl",
      "location" : "https://github.com/migueldeicaza/SwiftTerm.git",
      "state" : {
        "revision" : "7691f85b222a67a66b58499e1b2647443cf0dda7",
        "version" : "1.18.0"
      }
    }
  ],
  "version" : 3
}
